
Microsoft Visual Studio Solution File, Format Version 12.00
# Visual Studio Version 17
VisualStudioVersion = 17.3.32901.215
MinimumVisualStudioVersion = 10.0.40219.1
Project("{FAE04EC0-301F-11D3-BF4B-00C04F79EFBC}") = "EmpWage", "EmpWage\EmpWage.csproj", "{9776893F-A5D2-4008-ACF4-FB56166F9155}"
EndProject
Global
	GlobalSection(SolutionConfigurationPlatforms) = preSolution
		Debug|Any CPU = Debug|Any CPU
		Release|Any CPU = Release|Any CPU
	EndGlobalSection
	GlobalSection(ProjectConfigurationPlatforms) = postSolution
		{9776893F-A5D2-4008-ACF4-FB56166F9155}.Debug|Any CPU.ActiveCfg = Debug|Any CPU
		{9776893F-A5D2-4008-ACF4-FB56166F9155}.Debug|Any CPU.Build.0 = Debug|Any CPU
		{9776893F-A5D2-4008-ACF4-FB56166F9155}.Release|Any CPU.ActiveCfg = Release|Any CPU
		{9776893F-A5D2-4008-ACF4-FB56166F9155}.Release|Any CPU.Build.0 = Release|Any CPU
	EndGlobalSection
	GlobalSection(SolutionProperties) = preSolution
		HideSolutionNode = FALSE
	EndGlobalSection
	GlobalSection(ExtensibilityGlobals) = postSolution
		SolutionGuid = {577EBD3B-6D43-465B-9FBA-1711F4A1AF5B}
	EndGlobalSection
EndGlobal
